version: 6
environments:
  default:
    channels:
    - url: https://conda.anaconda.org/conda-forge/
    packages:
      win-64:
      - conda: https://conda.anaconda.org/conda-forge/win-64/_libavif_api-1.1.1-h57928b3_2.conda
      - conda: https://conda.anaconda.org/conda-forge/win-64/aom-3.9.1-he0c23c2_0.conda
      - conda: https://conda.anaconda.org/conda-forge/win-64/blosc-1.21.6-hfd34d9b_1.conda
      - conda: https://conda.anaconda.org/conda-forge/win-64/bzip2-1.0.8-h2466b09_7.conda
      - conda: https://conda.anaconda.org/conda-forge/win-64/ca-certificates-2025.1.31-h56e8100_0.conda
      - conda: https://conda.anaconda.org/conda-forge/win-64/dav1d-1.2.1-hcfcfb64_0.conda
      - conda: https://conda.anaconda.org/conda-forge/win-64/freexl-2.0.0-hf297d47_2.conda
      - conda: https://conda.anaconda.org/conda-forge/win-64/gdal-3.10.1-py313h95e4aa7_2.conda
      - conda: https://conda.anaconda.org/conda-forge/win-64/geos-3.13.0-h5a68840_0.conda
      - conda: https://conda.anaconda.org/conda-forge/win-64/geotiff-1.7.3-h496ac4d_3.conda
      - conda: https://conda.anaconda.org/conda-forge/win-64/intel-openmp-2024.2.1-h57928b3_1083.conda
      - conda: https://conda.anaconda.org/conda-forge/win-64/krb5-1.21.3-hdf4eb48_0.conda
      - conda: https://conda.anaconda.org/conda-forge/win-64/lerc-4.0.0-h63175ca_0.tar.bz2
      - conda: https://conda.anaconda.org/conda-forge/win-64/libarchive-3.7.7-h979ed78_3.conda
      - conda: https://conda.anaconda.org/conda-forge/win-64/libavif16-1.1.1-h4d049a7_2.conda
      - conda: https://conda.anaconda.org/conda-forge/win-64/libblas-3.9.0-28_h576b46c_mkl.conda
      - conda: https://conda.anaconda.org/conda-forge/win-64/libcblas-3.9.0-28_h7ad3364_mkl.conda
      - conda: https://conda.anaconda.org/conda-forge/win-64/libcurl-8.11.1-h88aaa65_0.conda
      - conda: https://conda.anaconda.org/conda-forge/win-64/libde265-1.0.15-h91493d7_0.conda
      - conda: https://conda.anaconda.org/conda-forge/win-64/libdeflate-1.23-h9062f6e_0.conda
      - conda: https://conda.anaconda.org/conda-forge/win-64/libexpat-2.6.4-he0c23c2_0.conda
      - conda: https://conda.anaconda.org/conda-forge/win-64/libffi-3.4.2-h8ffe710_5.tar.bz2
      - conda: https://conda.anaconda.org/conda-forge/win-64/libgdal-core-3.10.1-h095903c_2.conda
      - conda: https://conda.anaconda.org/conda-forge/win-64/libheif-1.19.5-gpl_hc631cee_100.conda
      - conda: https://conda.anaconda.org/conda-forge/win-64/libhwloc-2.11.2-default_ha69328c_1001.conda
      - conda: https://conda.anaconda.org/conda-forge/win-64/libiconv-1.17-hcfcfb64_2.conda
      - conda: https://conda.anaconda.org/conda-forge/win-64/libjpeg-turbo-3.0.0-hcfcfb64_1.conda
      - conda: https://conda.anaconda.org/conda-forge/win-64/libkml-1.3.0-h538826c_1021.conda
      - conda: https://conda.anaconda.org/conda-forge/win-64/liblapack-3.9.0-28_hacfb0e4_mkl.conda
      - conda: https://conda.anaconda.org/conda-forge/win-64/liblzma-5.6.4-h2466b09_0.conda
      - conda: https://conda.anaconda.org/conda-forge/win-64/libmpdec-4.0.0-h2466b09_0.conda
      - conda: https://conda.anaconda.org/conda-forge/win-64/libpng-1.6.46-had7236b_0.conda
      - conda: https://conda.anaconda.org/conda-forge/win-64/librttopo-1.1.0-hd4c2148_17.conda
      - conda: https://conda.anaconda.org/conda-forge/win-64/libspatialite-5.1.0-h939089a_12.conda
      - conda: https://conda.anaconda.org/conda-forge/win-64/libsqlite-3.48.0-h67fdade_1.conda
      - conda: https://conda.anaconda.org/conda-forge/win-64/libssh2-1.11.1-he619c9f_0.conda
      - conda: https://conda.anaconda.org/conda-forge/win-64/libtiff-4.7.0-h797046b_3.conda
      - conda: https://conda.anaconda.org/conda-forge/win-64/libwebp-base-1.5.0-h3b0e114_0.conda
      - conda: https://conda.anaconda.org/conda-forge/win-64/libwinpthread-12.0.0.r4.gg4f2fc60ca-h57928b3_9.conda
      - conda: https://conda.anaconda.org/conda-forge/win-64/libxml2-2.13.5-he286e8c_1.conda
      - conda: https://conda.anaconda.org/conda-forge/win-64/libzlib-1.3.1-h2466b09_2.conda
      - conda: https://conda.anaconda.org/conda-forge/win-64/lz4-c-1.10.0-h2466b09_1.conda
      - conda: https://conda.anaconda.org/conda-forge/win-64/lzo-2.10-hcfcfb64_1001.conda
      - conda: https://conda.anaconda.org/conda-forge/win-64/minizip-4.0.7-h9fa1bad_3.conda
      - conda: https://conda.anaconda.org/conda-forge/win-64/mkl-2024.2.2-h66d3029_15.conda
      - conda: https://conda.anaconda.org/conda-forge/win-64/numpy-2.2.2-py313hefb8edb_0.conda
      - conda: https://conda.anaconda.org/conda-forge/win-64/openssl-3.4.0-ha4e3fda_1.conda
      - conda: https://conda.anaconda.org/conda-forge/win-64/pcre2-10.44-h3d7b363_2.conda
      - conda: https://conda.anaconda.org/conda-forge/win-64/proj-9.5.1-h4f671f6_0.conda
      - conda: https://conda.anaconda.org/conda-forge/win-64/python-3.13.1-h071d269_105_cp313.conda
      - conda: https://conda.anaconda.org/conda-forge/win-64/python_abi-3.13-5_cp313.conda
      - conda: https://conda.anaconda.org/conda-forge/win-64/rav1e-0.6.6-h975169c_2.conda
      - conda: https://conda.anaconda.org/conda-forge/win-64/snappy-1.2.1-h500f7fa_1.conda
      - conda: https://conda.anaconda.org/conda-forge/win-64/sqlite-3.48.0-h2466b09_1.conda
      - conda: https://conda.anaconda.org/conda-forge/win-64/svt-av1-2.3.0-he0c23c2_0.conda
      - conda: https://conda.anaconda.org/conda-forge/win-64/tbb-2021.13.0-h62715c5_1.conda
      - conda: https://conda.anaconda.org/conda-forge/win-64/tk-8.6.13-h5226925_1.conda
      - conda: https://conda.anaconda.org/conda-forge/noarch/tzdata-2025a-h78e105d_0.conda
      - conda: https://conda.anaconda.org/conda-forge/win-64/ucrt-10.0.22621.0-h57928b3_1.conda
      - conda: https://conda.anaconda.org/conda-forge/win-64/uriparser-0.9.8-h5a68840_0.conda
      - conda: https://conda.anaconda.org/conda-forge/win-64/vc-14.3-h5fd82a7_24.conda
      - conda: https://conda.anaconda.org/conda-forge/win-64/vc14_runtime-14.42.34433-h6356254_24.conda
      - conda: https://conda.anaconda.org/conda-forge/win-64/vs2015_runtime-14.42.34433-hfef2bbc_24.conda
      - conda: https://conda.anaconda.org/conda-forge/win-64/x265-3.5-h2d74725_3.tar.bz2
      - conda: https://conda.anaconda.org/conda-forge/win-64/xerces-c-3.2.5-he0c23c2_2.conda
      - conda: https://conda.anaconda.org/conda-forge/win-64/zlib-1.3.1-h2466b09_2.conda
      - conda: https://conda.anaconda.org/conda-forge/win-64/zstd-1.5.6-h0ea2cb4_0.conda
packages:
- conda: https://conda.anaconda.org/conda-forge/win-64/_libavif_api-1.1.1-h57928b3_2.conda
  sha256: b99b8948a170ff721ea958ee04a4431797070e85dd6942cb27b73ac3102e5145
  md5: 76cf1f62c9a62d6b8f44339483e0f016
  arch: x86_64
  platform: win
  size: 9286
  timestamp: 1730268773319
- conda: https://conda.anaconda.org/conda-forge/win-64/aom-3.9.1-he0c23c2_0.conda
  sha256: 0524d0c0b61dacd0c22ac7a8067f977b1d52380210933b04141f5099c5b6fec7
  md5: 3d7c14285d3eb3239a76ff79063f27a5
  depends:
  - ucrt >=10.0.20348.0
  - vc >=14.2,<15
  - vc14_runtime >=14.29.30139
  arch: x86_64
  platform: win
  license: BSD-2-Clause
  license_family: BSD
  size: 1958151
  timestamp: 1718551737234
- conda: https://conda.anaconda.org/conda-forge/win-64/blosc-1.21.6-hfd34d9b_1.conda
  sha256: 9303a7a0e03cf118eab3691013f6d6cbd1cbac66efbc70d89b20f5d0145257c0
  md5: 357d7be4146d5fec543bfaa96a8a40de
  depends:
  - libzlib >=1.3.1,<2.0a0
  - lz4-c >=1.10.0,<1.11.0a0
  - snappy >=1.2.1,<1.3.0a0
  - ucrt >=10.0.20348.0
  - vc >=14.2,<15
  - vc14_runtime >=14.29.30139
  - zstd >=1.5.6,<1.6.0a0
  arch: x86_64
  platform: win
  license: BSD-3-Clause
  license_family: BSD
  size: 49840
  timestamp: 1733513605730
- conda: https://conda.anaconda.org/conda-forge/win-64/bzip2-1.0.8-h2466b09_7.conda
  sha256: 35a5dad92e88fdd7fc405e864ec239486f4f31eec229e31686e61a140a8e573b
  md5: 276e7ffe9ffe39688abc665ef0f45596
  depends:
  - ucrt >=10.0.20348.0
  - vc >=14.2,<15
  - vc14_runtime >=14.29.30139
  arch: x86_64
  platform: win
  license: bzip2-1.0.6
  license_family: BSD
  size: 54927
  timestamp: 1720974860185
- conda: https://conda.anaconda.org/conda-forge/win-64/ca-certificates-2025.1.31-h56e8100_0.conda
  sha256: 1bedccdf25a3bd782d6b0e57ddd97cdcda5501716009f2de4479a779221df155
  md5: 5304a31607974dfc2110dfbb662ed092
  arch: x86_64
  platform: win
  license: ISC
  size: 158690
  timestamp: 1738298232550
- conda: https://conda.anaconda.org/conda-forge/win-64/dav1d-1.2.1-hcfcfb64_0.conda
  sha256: 2aa2083c9c186da7d6f975ccfbef654ed54fff27f4bc321dbcd12cee932ec2c4
  md5: ed2c27bda330e3f0ab41577cf8b9b585
  depends:
  - ucrt >=10.0.20348.0
  - vc >=14.2,<15
  - vc14_runtime >=14.29.30139
  arch: x86_64
  platform: win
  license: BSD-2-Clause
  license_family: BSD
  size: 618643
  timestamp: 1685696352968
- conda: https://conda.anaconda.org/conda-forge/win-64/freexl-2.0.0-hf297d47_2.conda
  sha256: 1e62cbc6daa74656034dc4a6e58faa2d50291719c1cba53cc0b1946f0d2b9404
  md5: d6a8059de245e53478b581742b53f71d
  depends:
  - libexpat >=2.6.4,<3.0a0
  - libiconv >=1.17,<2.0a0
  - minizip >=4.0.7,<5.0a0
  - ucrt >=10.0.20348.0
  - vc >=14.2,<15
  - vc14_runtime >=14.29.30139
  arch: x86_64
  platform: win
  license: MPL-1.1
  license_family: MOZILLA
  size: 77528
  timestamp: 1734015193826
- conda: https://conda.anaconda.org/conda-forge/win-64/gdal-3.10.1-py313h95e4aa7_2.conda
  sha256: 8d3fbebd8a84708a5e91722eccfac284d1e91f32e1a43620d0d02d3e85ab0dd3
  md5: d027e76ce0ec55275ed1283c3c81c7da
  depends:
  - libgdal-core 3.10.1.*
  - libkml >=1.3.0,<1.4.0a0
  - liblzma >=5.6.3,<6.0a0
  - libxml2 >=2.13.5,<3.0a0
  - numpy >=1.21,<3
  - python >=3.13,<3.14.0a0
  - python_abi 3.13.* *_cp313
  - ucrt >=10.0.20348.0
  - vc >=14.2,<15
  - vc14_runtime >=14.29.30139
  arch: x86_64
  platform: win
  license: MIT
  license_family: MIT
  size: 1641234
  timestamp: 1737611744384
- conda: https://conda.anaconda.org/conda-forge/win-64/geos-3.13.0-h5a68840_0.conda
  sha256: 2b46d6f304f70dfca304169299908b558bd1e83992acb5077766eefa3d3fe35f
  md5: 08a30fe29a645fc5c768c0968db116d3
  depends:
  - ucrt >=10.0.20348.0
  - vc >=14.2,<15
  - vc14_runtime >=14.29.30139
  arch: x86_64
  platform: win
  license: LGPL-2.1-only
  size: 1665961
  timestamp: 1725676536384
- conda: https://conda.anaconda.org/conda-forge/win-64/geotiff-1.7.3-h496ac4d_3.conda
  sha256: 116120a2f4411618800c2a5ce246dfc313298e545ce1ffaa85f28cc3ac2236ac
  md5: fb20f424102030f3952532cc7aebdbd8
  depends:
  - libjpeg-turbo >=3.0.0,<4.0a0
  - libtiff >=4.6.0,<4.8.0a0
  - libzlib >=1.3.1,<2.0a0
  - proj >=9.5.0,<9.6.0a0
  - ucrt >=10.0.20348.0
  - vc >=14.2,<15
  - vc14_runtime >=14.29.30139
  - zlib
  arch: x86_64
  platform: win
  license: MIT
  license_family: MIT
  size: 123087
  timestamp: 1726603487099
- conda: https://conda.anaconda.org/conda-forge/win-64/intel-openmp-2024.2.1-h57928b3_1083.conda
  sha256: 0fd2b0b84c854029041b0ede8f4c2369242ee92acc0092f8407b1fe9238a8209
  md5: 2d89243bfb53652c182a7c73182cce4f
  arch: x86_64
  platform: win
  license: LicenseRef-IntelSimplifiedSoftwareOct2022
  license_family: Proprietary
  size: 1852356
  timestamp: 1723739573141
- conda: https://conda.anaconda.org/conda-forge/win-64/krb5-1.21.3-hdf4eb48_0.conda
  sha256: 18e8b3430d7d232dad132f574268f56b3eb1a19431d6d5de8c53c29e6c18fa81
  md5: 31aec030344e962fbd7dbbbbd68e60a9
  depends:
  - openssl >=3.3.1,<4.0a0
  - ucrt >=10.0.20348.0
  - vc >=14.2,<15
  - vc14_runtime >=14.29.30139
  arch: x86_64
  platform: win
  license: MIT
  license_family: MIT
  size: 712034
  timestamp: 1719463874284
- conda: https://conda.anaconda.org/conda-forge/win-64/lerc-4.0.0-h63175ca_0.tar.bz2
  sha256: f4f39d7f6a2f9b407f8fb567a6c25755270421731d70f0ff331f5de4fa367488
  md5: 1900cb3cab5055833cfddb0ba233b074
  depends:
  - vc >=14.2,<15
  - vs2015_runtime >=14.29.30037
  arch: x86_64
  platform: win
  license: Apache-2.0
  license_family: Apache
  size: 194365
  timestamp: 1657977692274
- conda: https://conda.anaconda.org/conda-forge/win-64/libarchive-3.7.7-h979ed78_3.conda
  sha256: 3a44d5584db995497ea96d911a2419b6920317b927af7f1df8464cd5492f5ab3
  md5: 7c29b6918c2aa6a44ed32e2cf816da7b
  depends:
  - bzip2 >=1.0.8,<2.0a0
  - liblzma >=5.6.3,<6.0a0
  - libxml2 >=2.13.5,<3.0a0
  - libzlib >=1.3.1,<2.0a0
  - lz4-c >=1.10.0,<1.11.0a0
  - lzo >=2.10,<3.0a0
  - openssl >=3.4.0,<4.0a0
  - ucrt >=10.0.20348.0
  - vc >=14.2,<15
  - vc14_runtime >=14.29.30139
  - zstd >=1.5.6,<1.6.0a0
  arch: x86_64
  platform: win
  license: BSD-2-Clause
  license_family: BSD
  size: 1082930
  timestamp: 1734021400781
- conda: https://conda.anaconda.org/conda-forge/win-64/libavif16-1.1.1-h4d049a7_2.conda
  sha256: f74662ac8325dedbc786bf4f3faef39ad4981739cf0239c2ea2d80c791b04de5
  md5: e7e7405d962ebcb6803f29dc4eabae69
  depends:
  - _libavif_api >=1.1.1,<1.1.2.0a0
  - aom >=3.9.1,<3.10.0a0
  - dav1d >=1.2.1,<1.2.2.0a0
  - rav1e >=0.6.6,<1.0a0
  - svt-av1 >=2.3.0,<2.3.1.0a0
  - ucrt >=10.0.20348.0
  - vc >=14.2,<15
  - vc14_runtime >=14.29.30139
  arch: x86_64
  platform: win
  license: BSD-2-Clause
  license_family: BSD
  size: 97828
  timestamp: 1730269135854
- conda: https://conda.anaconda.org/conda-forge/win-64/libblas-3.9.0-28_h576b46c_mkl.conda
  build_number: 28
  sha256: 664fac202fb0f48f11538863f78128cc95e72fbf75fa7d037ddea7c497c0df5d
  md5: eb97c3ea4cc02e42c01bc6c928094037
  depends:
  - mkl 2024.2.2 h66d3029_15
  constrains:
  - liblapack =3.9.0=28*_mkl
  - blas =2.128=mkl
  - liblapacke =3.9.0=28*_mkl
  - libcblas =3.9.0=28*_mkl
  arch: x86_64
  platform: win
  license: BSD-3-Clause
  license_family: BSD
  size: 3732428
  timestamp: 1738114465076
- conda: https://conda.anaconda.org/conda-forge/win-64/libcblas-3.9.0-28_h7ad3364_mkl.conda
  build_number: 28
  sha256: affd4330721e0dadeefb31cd8191478772f75643db6bef485309782be689c52f
  md5: fc67cf6a19301fc7d6eb83949abce428
  depends:
  - libblas 3.9.0 28_h576b46c_mkl
  constrains:
  - liblapack =3.9.0=28*_mkl
  - blas =2.128=mkl
  - liblapacke =3.9.0=28*_mkl
  arch: x86_64
  platform: win
  license: BSD-3-Clause
  license_family: BSD
  size: 3732314
  timestamp: 1738114505434
- conda: https://conda.anaconda.org/conda-forge/win-64/libcurl-8.11.1-h88aaa65_0.conda
  sha256: 1a67f01da0e35296c6d1fdf6baddc45ad3cc2114132ff4638052eb7cf258aab2
  md5: 071d3f18dba5a6a13c6bb70cdb42678f
  depends:
  - krb5 >=1.21.3,<1.22.0a0
  - libssh2 >=1.11.1,<2.0a0
  - libzlib >=1.3.1,<2.0a0
  - ucrt >=10.0.20348.0
  - vc >=14.2,<15
  - vc14_runtime >=14.29.30139
  arch: x86_64
  platform: win
  license: curl
  license_family: MIT
  size: 349553
  timestamp: 1734000095720
- conda: https://conda.anaconda.org/conda-forge/win-64/libde265-1.0.15-h91493d7_0.conda
  sha256: f52c603151743486d2faec37e161c60731001d9c955e0f12ac9ad334c1119116
  md5: 9dc3c1fbc1c7bc6204e8a603f45e156b
  depends:
  - ucrt >=10.0.20348.0
  - vc >=14.2,<15
  - vc14_runtime >=14.29.30139
  arch: x86_64
  platform: win
  license: LGPL-3.0-or-later
  license_family: LGPL
  size: 252968
  timestamp: 1703089151021
- conda: https://conda.anaconda.org/conda-forge/win-64/libdeflate-1.23-h9062f6e_0.conda
  sha256: 96c47725a8258159295996ea2758fa0ff9bea330e72b59641642e16be8427ce8
  md5: a9624935147a25b06013099d3038e467
  depends:
  - ucrt >=10.0.20348.0
  - vc >=14.2,<15
  - vc14_runtime >=14.29.30139
  arch: x86_64
  platform: win
  license: MIT
  license_family: MIT
  size: 155723
  timestamp: 1734374084110
- conda: https://conda.anaconda.org/conda-forge/win-64/libexpat-2.6.4-he0c23c2_0.conda
  sha256: 0c0447bf20d1013d5603499de93a16b6faa92d7ead870d96305c0f065b6a5a12
  md5: eb383771c680aa792feb529eaf9df82f
  depends:
  - ucrt >=10.0.20348.0
  - vc >=14.2,<15
  - vc14_runtime >=14.29.30139
  constrains:
  - expat 2.6.4.*
  arch: x86_64
  platform: win
  license: MIT
  license_family: MIT
  size: 139068
  timestamp: 1730967442102
- conda: https://conda.anaconda.org/conda-forge/win-64/libffi-3.4.2-h8ffe710_5.tar.bz2
  sha256: 1951ab740f80660e9bc07d2ed3aefb874d78c107264fd810f24a1a6211d4b1a5
  md5: 2c96d1b6915b408893f9472569dee135
  depends:
  - vc >=14.1,<15.0a0
  - vs2015_runtime >=14.16.27012
  arch: x86_64
  platform: win
  license: MIT
  license_family: MIT
  size: 42063
  timestamp: 1636489106777
- conda: https://conda.anaconda.org/conda-forge/win-64/libgdal-core-3.10.1-h095903c_2.conda
  sha256: bc4abe9bc3185da28e8f072e51da7e4ef1ba57bd6958d4ca8d97f8fe50235b5c
  md5: e1740fe9313a53fd3d028c8fb5146252
  depends:
  - blosc >=1.21.6,<2.0a0
  - geos >=3.13.0,<3.13.1.0a0
  - geotiff >=1.7.3,<1.8.0a0
  - lerc >=4.0.0,<5.0a0
  - libarchive >=3.7.7,<3.8.0a0
  - libcurl >=8.11.1,<9.0a0
  - libdeflate >=1.23,<1.24.0a0
  - libexpat >=2.6.4,<3.0a0
  - libheif >=1.19.5,<1.20.0a0
  - libiconv >=1.17,<2.0a0
  - libjpeg-turbo >=3.0.0,<4.0a0
  - libkml >=1.3.0,<1.4.0a0
  - liblzma >=5.6.3,<6.0a0
  - libpng >=1.6.45,<1.7.0a0
  - libspatialite >=5.1.0,<5.2.0a0
  - libsqlite >=3.48.0,<4.0a0
  - libtiff >=4.7.0,<4.8.0a0
  - libwebp-base >=1.5.0,<2.0a0
  - libxml2 >=2.13.5,<3.0a0
  - libzlib >=1.3.1,<2.0a0
  - lz4-c >=1.10.0,<1.11.0a0
  - openssl >=3.4.0,<4.0a0
  - pcre2 >=10.44,<10.45.0a0
  - proj >=9.5.1,<9.6.0a0
  - ucrt >=10.0.20348.0
  - vc >=14.2,<15
  - vc14_runtime >=14.29.30139
  - xerces-c >=3.2.5,<3.3.0a0
  - zstd >=1.5.6,<1.6.0a0
  constrains:
  - libgdal 3.10.1.*
  arch: x86_64
  platform: win
  license: MIT
  license_family: MIT
  size: 8403967
  timestamp: 1737611503919
- conda: https://conda.anaconda.org/conda-forge/win-64/libheif-1.19.5-gpl_hc631cee_100.conda
  sha256: c0ee7fbbf78e66388146348ba78a206eeadf59602d9ca10ecaf64e019cd70cd3
  md5: 8c77ee62663e5e4bbb60b86ba54fdbeb
  depends:
  - aom >=3.9.1,<3.10.0a0
  - dav1d >=1.2.1,<1.2.2.0a0
  - libavif16 >=1.1.1,<2.0a0
  - libde265 >=1.0.15,<1.0.16.0a0
  - ucrt >=10.0.20348.0
  - vc >=14.2,<15
  - vc14_runtime >=14.29.30139
  - x265 >=3.5,<3.6.0a0
  arch: x86_64
  platform: win
  license: LGPL-3.0-or-later
  license_family: LGPL
  size: 388187
  timestamp: 1735260582529
- conda: https://conda.anaconda.org/conda-forge/win-64/libhwloc-2.11.2-default_ha69328c_1001.conda
  sha256: 850e255997f538d5fb6ed651321141155a33bb781d43d326fc4ff62114dd2842
  md5: b87a0ac5ab6495d8225db5dc72dd21cd
  depends:
  - libwinpthread >=12.0.0.r4.gg4f2fc60ca
  - libxml2 >=2.13.4,<3.0a0
  - ucrt >=10.0.20348.0
  - vc >=14.2,<15
  - vc14_runtime >=14.29.30139
  arch: x86_64
  platform: win
  license: BSD-3-Clause
  license_family: BSD
  size: 2390021
  timestamp: 1731375651179
- conda: https://conda.anaconda.org/conda-forge/win-64/libiconv-1.17-hcfcfb64_2.conda
  sha256: 5f844dd19b046d43174ad80c6ea75b5d504020e3b63cfbc4ace97b8730d35c7b
  md5: e1eb10b1cca179f2baa3601e4efc8712
  depends:
  - ucrt >=10.0.20348.0
  - vc >=14.2,<15
  - vc14_runtime >=14.29.30139
  arch: x86_64
  platform: win
  license: LGPL-2.1-only
  size: 636146
  timestamp: 1702682547199
- conda: https://conda.anaconda.org/conda-forge/win-64/libjpeg-turbo-3.0.0-hcfcfb64_1.conda
  sha256: 4e7808e3098b4b4ed7e287f63bb24f9045cc4d95bfd39f0db870fc2837d74dff
  md5: 3f1b948619c45b1ca714d60c7389092c
  depends:
  - ucrt >=10.0.20348.0
  - vc >=14.2,<15
  - vc14_runtime >=14.29.30139
  constrains:
  - jpeg <0.0.0a
  arch: x86_64
  platform: win
  license: IJG AND BSD-3-Clause AND Zlib
  size: 822966
  timestamp: 1694475223854
- conda: https://conda.anaconda.org/conda-forge/win-64/libkml-1.3.0-h538826c_1021.conda
  sha256: 81a6096a2db500f0c3527ae59398eacca0634c3381559713ab28022d711dd3bd
  md5: 431ec3b40b041576811641e2d643954e
  depends:
  - libexpat >=2.6.2,<3.0a0
  - libzlib >=1.3.1,<2.0a0
  - ucrt >=10.0.20348.0
  - uriparser >=0.9.8,<1.0a0
  - vc >=14.2,<15
  - vc14_runtime >=14.29.30139
  arch: x86_64
  platform: win
  license: BSD-3-Clause
  license_family: BSD
  size: 1651104
  timestamp: 1724667610262
- conda: https://conda.anaconda.org/conda-forge/win-64/liblapack-3.9.0-28_hacfb0e4_mkl.conda
  build_number: 28
  sha256: 4b4bb704f46d12f56c1dcf5525bb97aea53a110e6bde6b8d588bf43b773500da
  md5: 5aa8e62e29e0d76b0b99b79a739cd2dd
  depends:
  - libblas 3.9.0 28_h576b46c_mkl
  constrains:
  - blas =2.128=mkl
  - liblapacke =3.9.0=28*_mkl
  - libcblas =3.9.0=28*_mkl
  arch: x86_64
  platform: win
  license: BSD-3-Clause
  license_family: BSD
  size: 3732321
  timestamp: 1738114541347
- conda: https://conda.anaconda.org/conda-forge/win-64/liblzma-5.6.4-h2466b09_0.conda
  sha256: 3f552b0bdefdd1459ffc827ea3bf70a6a6920c7879d22b6bfd0d73015b55227b
  md5: c48f6ad0ef0a555b27b233dfcab46a90
  depends:
  - ucrt >=10.0.20348.0
  - vc >=14.2,<15
  - vc14_runtime >=14.29.30139
  arch: x86_64
  platform: win
  license: 0BSD
  size: 104465
  timestamp: 1738525557254
- conda: https://conda.anaconda.org/conda-forge/win-64/libmpdec-4.0.0-h2466b09_0.conda
  sha256: fc529fc82c7caf51202cc5cec5bb1c2e8d90edbac6d0a4602c966366efe3c7bf
  md5: 74860100b2029e2523cf480804c76b9b
  depends:
  - ucrt >=10.0.20348.0
  - vc >=14.2,<15
  - vc14_runtime >=14.29.30139
  arch: x86_64
  platform: win
  license: BSD-2-Clause
  license_family: BSD
  size: 88657
  timestamp: 1723861474602
- conda: https://conda.anaconda.org/conda-forge/win-64/libpng-1.6.46-had7236b_0.conda
  sha256: c866cd79dce3f6478fa3b4bc625d5cbe0512720fd6f8d45718da9537292329cf
  md5: 4ddc2d65b35403e6ed75545f4cb4ec98
  depends:
  - libzlib >=1.3.1,<2.0a0
  - ucrt >=10.0.20348.0
  - vc >=14.2,<15
  - vc14_runtime >=14.29.30139
  arch: x86_64
  platform: win
  license: zlib-acknowledgement
  size: 356357
  timestamp: 1737791350471
- conda: https://conda.anaconda.org/conda-forge/win-64/librttopo-1.1.0-hd4c2148_17.conda
  sha256: 0f4a1c8ed579f96ccb73245b4002d7152a2a8ecd05a01d49901c5d280561f766
  md5: 06ea16b8c60b4ce1970c06191f8639d4
  depends:
  - geos >=3.13.0,<3.13.1.0a0
  - ucrt >=10.0.20348.0
  - vc >=14.2,<15
  - vc14_runtime >=14.29.30139
  arch: x86_64
  platform: win
  license: GPL-2.0-or-later
  license_family: GPL
  size: 404515
  timestamp: 1727265928370
- conda: https://conda.anaconda.org/conda-forge/win-64/libspatialite-5.1.0-h939089a_12.conda
  sha256: fafedc5940e49b3dcce2cd6dfe3cabf64e7cc6b2a0ef7c8fefbf9d6d2c1afb77
  md5: 8b5bfc6caa7c652ec4ec755efb5b7b73
  depends:
  - freexl >=2
  - freexl >=2.0.0,<3.0a0
  - geos >=3.13.0,<3.13.1.0a0
  - librttopo >=1.1.0,<1.2.0a0
  - libsqlite >=3.47.2,<4.0a0
  - libxml2 >=2.13.5,<3.0a0
  - libzlib >=1.3.1,<2.0a0
  - proj >=9.5.1,<9.6.0a0
  - sqlite
  - ucrt >=10.0.20348.0
  - vc >=14.2,<15
  - vc14_runtime >=14.29.30139
  - zlib
  arch: x86_64
  platform: win
  license: MPL-1.1
  license_family: MOZILLA
  size: 8715367
  timestamp: 1734001064515
- conda: https://conda.anaconda.org/conda-forge/win-64/libsqlite-3.48.0-h67fdade_1.conda
  sha256: eb889b9ea754d30268fa740f91e62fae6c30ca40f9769051dd42390d2470a7ff
  md5: 5a7a8f7f68ce1bdb7b58219786436f30
  depends:
  - ucrt >=10.0.20348.0
  - vc >=14.2,<15
  - vc14_runtime >=14.29.30139
  arch: x86_64
  platform: win
  license: Unlicense
  size: 897026
  timestamp: 1737565547561
- conda: https://conda.anaconda.org/conda-forge/win-64/libssh2-1.11.1-he619c9f_0.conda
  sha256: 4b3256bd2b4e4b3183005d3bd8826d651eccd1a4740b70625afa2b7e7123d191
  md5: af0cbf037dd614c34399b3b3e568c557
  depends:
  - libzlib >=1.3.1,<2.0a0
  - openssl >=3.4.0,<4.0a0
  - ucrt >=10.0.20348.0
  - vc >=14.2,<15
  - vc14_runtime >=14.29.30139
  arch: x86_64
  platform: win
  license: BSD-3-Clause
  license_family: BSD
  size: 291889
  timestamp: 1732349796504
- conda: https://conda.anaconda.org/conda-forge/win-64/libtiff-4.7.0-h797046b_3.conda
  sha256: c363a8baba4ce12b8f01f0ab74fe8b0dc83facd89c6604f4a191084923682768
  md5: defed79ff7a9164ad40320e3f116a138
  depends:
  - lerc >=4.0.0,<5.0a0
  - libdeflate >=1.23,<1.24.0a0
  - libjpeg-turbo >=3.0.0,<4.0a0
  - liblzma >=5.6.3,<6.0a0
  - libzlib >=1.3.1,<2.0a0
  - ucrt >=10.0.20348.0
  - vc >=14.2,<15
  - vc14_runtime >=14.29.30139
  - zstd >=1.5.6,<1.6.0a0
  arch: x86_64
  platform: win
  license: HPND
  size: 978878
  timestamp: 1734399004259
- conda: https://conda.anaconda.org/conda-forge/win-64/libwebp-base-1.5.0-h3b0e114_0.conda
  sha256: 1d75274614e83a5750b8b94f7bad2fc0564c2312ff407e697d99152ed095576f
  md5: 33f7313967072c6e6d8f865f5493c7ae
  depends:
  - ucrt >=10.0.20348.0
  - vc >=14.2,<15
  - vc14_runtime >=14.29.30139
  constrains:
  - libwebp 1.5.0
  arch: x86_64
  platform: win
  license: BSD-3-Clause
  license_family: BSD
  size: 273661
  timestamp: 1734777665516
- conda: https://conda.anaconda.org/conda-forge/win-64/libwinpthread-12.0.0.r4.gg4f2fc60ca-h57928b3_9.conda
  sha256: 373f2973b8a358528b22be5e8d84322c165b4c5577d24d94fd67ad1bb0a0f261
  md5: 08bfa5da6e242025304b206d152479ef
  depends:
  - ucrt
  constrains:
  - pthreads-win32 <0.0a0
  - msys2-conda-epoch <0.0a0
  arch: x86_64
  platform: win
  license: MIT AND BSD-3-Clause-Clear
  size: 35794
  timestamp: 1737099561703
- conda: https://conda.anaconda.org/conda-forge/win-64/libxml2-2.13.5-he286e8c_1.conda
  sha256: 084dd4dde342f13c43ee418d153ac5b2610f95be029073a15fa9dda22b130d06
  md5: 77eaa84f90fc90643c5a0be0aa9bdd1b
  depends:
  - libiconv >=1.17,<2.0a0
  - libzlib >=1.3.1,<2.0a0
  - ucrt >=10.0.20348.0
  - vc >=14.2,<15
  - vc14_runtime >=14.29.30139
  arch: x86_64
  platform: win
  license: MIT
  license_family: MIT
  size: 1612294
  timestamp: 1733443909984
- conda: https://conda.anaconda.org/conda-forge/win-64/libzlib-1.3.1-h2466b09_2.conda
  sha256: ba945c6493449bed0e6e29883c4943817f7c79cbff52b83360f7b341277c6402
  md5: 41fbfac52c601159df6c01f875de31b9
  depends:
  - ucrt >=10.0.20348.0
  - vc >=14.2,<15
  - vc14_runtime >=14.29.30139
  constrains:
  - zlib 1.3.1 *_2
  arch: x86_64
  platform: win
  license: Zlib
  license_family: Other
  size: 55476
  timestamp: 1727963768015
- conda: https://conda.anaconda.org/conda-forge/win-64/lz4-c-1.10.0-h2466b09_1.conda
  sha256: 632cf3bdaf7a7aeb846de310b6044d90917728c73c77f138f08aa9438fc4d6b5
  md5: 0b69331897a92fac3d8923549d48d092
  depends:
  - ucrt >=10.0.20348.0
  - vc >=14.2,<15
  - vc14_runtime >=14.29.30139
  arch: x86_64
  platform: win
  license: BSD-2-Clause
  license_family: BSD
  size: 139891
  timestamp: 1733741168264
- conda: https://conda.anaconda.org/conda-forge/win-64/lzo-2.10-hcfcfb64_1001.conda
  sha256: 39e176b8cc8fe878d87594fae0504c649d1c2c6d5476dd7238237d19eb825751
  md5: 629f4f4e874cf096eb93a23240910cee
  depends:
  - ucrt >=10.0.20348.0
  - vc >=14.2,<15
  - vc14_runtime >=14.29.30139
  arch: x86_64
  platform: win
  license: GPL-2.0-or-later
  license_family: GPL2
  size: 142771
  timestamp: 1713516312465
- conda: https://conda.anaconda.org/conda-forge/win-64/minizip-4.0.7-h9fa1bad_3.conda
  sha256: 16f329eac4551fe343f77a0c84cae5f9e68a0fb43a641e6ea2d8553053c3fa2e
  md5: 632caee448c60ca5f85bf0748ed24401
  depends:
  - bzip2 >=1.0.8,<2.0a0
  - liblzma >=5.6.3,<6.0a0
  - libzlib >=1.3.1,<2.0a0
  - ucrt >=10.0.20348.0
  - vc >=14.2,<15
  - vc14_runtime >=14.29.30139
  - zstd >=1.5.6,<1.6.0a0
  arch: x86_64
  platform: win
  license: Zlib
  license_family: Other
  size: 85799
  timestamp: 1734012307818
- conda: https://conda.anaconda.org/conda-forge/win-64/mkl-2024.2.2-h66d3029_15.conda
  sha256: 20e52b0389586d0b914a49cd286c5ccc9c47949bed60ca6df004d1d295f2edbd
  md5: 302dff2807f2927b3e9e0d19d60121de
  depends:
  - intel-openmp 2024.*
  - tbb 2021.*
  arch: x86_64
  platform: win
  license: LicenseRef-IntelSimplifiedSoftwareOct2022
  license_family: Proprietary
  size: 103106385
  timestamp: 1730232843711
- conda: https://conda.anaconda.org/conda-forge/win-64/numpy-2.2.2-py313hefb8edb_0.conda
  sha256: c6a5645d5b7afaafe5d45a5ad7aaad4e47498592da334d41e6d58d724160d7de
  md5: f00ff06a249506cab4da50b85e22cadb
  depends:
  - libblas >=3.9.0,<4.0a0
  - libcblas >=3.9.0,<4.0a0
  - liblapack >=3.9.0,<4.0a0
  - python >=3.13,<3.14.0a0
  - python_abi 3.13.* *_cp313
  - ucrt >=10.0.20348.0
  - vc >=14.2,<15
  - vc14_runtime >=14.29.30139
  constrains:
  - numpy-base <0a0
  arch: x86_64
  platform: win
  license: BSD-3-Clause
  license_family: BSD
  size: 7116196
  timestamp: 1737332125142
- conda: https://conda.anaconda.org/conda-forge/win-64/openssl-3.4.0-ha4e3fda_1.conda
  sha256: 519a06eaab7c878fbebb8cab98ea4a4465eafb1e9ed8c6ce67226068a80a92f0
  md5: fb45308ba8bfe1abf1f4a27bad24a743
  depends:
  - ca-certificates
  - ucrt >=10.0.20348.0
  - vc >=14.2,<15
  - vc14_runtime >=14.29.30139
  arch: x86_64
  platform: win
  license: Apache-2.0
  license_family: Apache
  size: 8462960
  timestamp: 1736088436984
- conda: https://conda.anaconda.org/conda-forge/win-64/pcre2-10.44-h3d7b363_2.conda
  sha256: f4a12cbf8a7c5bfa2592b9dc92b492c438781898e5b02f397979b0be6e1b5851
  md5: a3a3baddcfb8c80db84bec3cb7746fb8
  depends:
  - bzip2 >=1.0.8,<2.0a0
  - libzlib >=1.3.1,<2.0a0
  - ucrt >=10.0.20348.0
  - vc >=14.2,<15
  - vc14_runtime >=14.29.30139
  arch: x86_64
  platform: win
  license: BSD-3-Clause
  license_family: BSD
  size: 820831
  timestamp: 1723489427046
- conda: https://conda.anaconda.org/conda-forge/win-64/proj-9.5.1-h4f671f6_0.conda
  sha256: ddd0be6172e3903bc6602a93394e8051826235377c1ce8c6ba2435869794e726
  md5: 7303dac2aa92318f319508aedab6a127
  depends:
  - libcurl >=8.10.1,<9.0a0
  - libsqlite >=3.47.0,<4.0a0
  - libtiff >=4.7.0,<4.8.0a0
  - sqlite
  - ucrt >=10.0.20348.0
  - vc >=14.2,<15
  - vc14_runtime >=14.29.30139
  constrains:
  - proj4 ==999999999999
  arch: x86_64
  platform: win
  license: MIT
  license_family: MIT
  size: 2740461
  timestamp: 1733138695290
- conda: https://conda.anaconda.org/conda-forge/win-64/python-3.13.1-h071d269_105_cp313.conda
  build_number: 105
  sha256: de3bb832ff3982c993c6af15e6c45bb647159f25329caceed6f73fd4769c7628
  md5: 3ddb0531ecfb2e7274d471203e053d78
  depends:
  - bzip2 >=1.0.8,<2.0a0
  - libexpat >=2.6.4,<3.0a0
  - libffi >=3.4,<4.0a0
  - liblzma >=5.6.3,<6.0a0
  - libmpdec >=4.0.0,<5.0a0
  - libsqlite >=3.47.2,<4.0a0
  - libzlib >=1.3.1,<2.0a0
  - openssl >=3.4.0,<4.0a0
  - python_abi 3.13.* *_cp313
  - tk >=8.6.13,<8.7.0a0
  - tzdata
  - ucrt >=10.0.20348.0
  - vc >=14.2,<15
  - vc14_runtime >=14.29.30139
  arch: x86_64
  platform: win
  license: Python-2.0
  size: 16778758
  timestamp: 1736761341620
  python_site_packages_path: Lib/site-packages
- conda: https://conda.anaconda.org/conda-forge/win-64/python_abi-3.13-5_cp313.conda
  build_number: 5
  sha256: 0c12cc1b84962444002c699ed21e815fb9f686f950d734332a1b74d07db97756
  md5: 44b4fe6f22b57103afb2299935c8b68e
  constrains:
  - python 3.13.* *_cp313
  arch: x86_64
  platform: win
  license: BSD-3-Clause
  license_family: BSD
  size: 6716
  timestamp: 1723823166911
- conda: https://conda.anaconda.org/conda-forge/win-64/rav1e-0.6.6-h975169c_2.conda
  sha256: 3193451440e5ac737b7d5d2a79f9e012d426c0c53e41e60df4992150bfc39565
  md5: bd32cc2ed62374932f9d57a2e3eb2863
  depends:
  - ucrt >=10.0.20348.0
  - vc >=14.2,<15
  - vc14_runtime >=14.29.30139
  arch: x86_64
  platform: win
  license: BSD-2-Clause
  license_family: BSD
  size: 1523119
  timestamp: 1694330157594
- conda: https://conda.anaconda.org/conda-forge/win-64/snappy-1.2.1-h500f7fa_1.conda
  sha256: 29753b51803c0396c3cb56e4f11e68c968a2f43b71b648634bef1f9193f9e78b
  md5: e32fb978aaea855ddce624eb8c8eb69a
  depends:
  - ucrt >=10.0.20348.0
  - vc >=14.2,<15
  - vc14_runtime >=14.29.30139
  arch: x86_64
  platform: win
  license: BSD-3-Clause
  license_family: BSD
  size: 59757
  timestamp: 1733502109991
- conda: https://conda.anaconda.org/conda-forge/win-64/sqlite-3.48.0-h2466b09_1.conda
  sha256: 08000365212feaecabd9c10bafa3888a71707dd3310634b609051ecd8527e54c
  md5: 3336cbd7c3d18f02c8d3bdb890d0cc06
  depends:
  - libsqlite 3.48.0 h67fdade_1
  - ucrt >=10.0.20348.0
  - vc >=14.2,<15
  - vc14_runtime >=14.29.30139
  arch: x86_64
  platform: win
  license: Unlicense
  size: 923016
  timestamp: 1737565573310
- conda: https://conda.anaconda.org/conda-forge/win-64/svt-av1-2.3.0-he0c23c2_0.conda
  sha256: c25bf68ef411d41ee29f353acc698c482fdd087426a77398b7b41ce9d968519e
  md5: ac11ae1da661e573b71870b1191ce079
  depends:
  - ucrt >=10.0.20348.0
  - vc >=14.2,<15
  - vc14_runtime >=14.29.30139
  arch: x86_64
  platform: win
  license: BSD-2-Clause
  license_family: BSD
  size: 1845727
  timestamp: 1730246453216
- conda: https://conda.anaconda.org/conda-forge/win-64/tbb-2021.13.0-h62715c5_1.conda
  sha256: 03cc5442046485b03dd1120d0f49d35a7e522930a2ab82f275e938e17b07b302
  md5: 9190dd0a23d925f7602f9628b3aed511
  depends:
  - libhwloc >=2.11.2,<2.11.3.0a0
  - ucrt >=10.0.20348.0
  - vc >=14.2,<15
  - vc14_runtime >=14.29.30139
  arch: x86_64
  platform: win
  license: Apache-2.0
  license_family: APACHE
  size: 151460
  timestamp: 1732982860332
- conda: https://conda.anaconda.org/conda-forge/win-64/tk-8.6.13-h5226925_1.conda
  sha256: 2c4e914f521ccb2718946645108c9bd3fc3216ba69aea20c2c3cedbd8db32bb1
  md5: fc048363eb8f03cd1737600a5d08aafe
  depends:
  - ucrt >=10.0.20348.0
  - vc >=14.2,<15
  - vc14_runtime >=14.29.30139
  arch: x86_64
  platform: win
  license: TCL
  license_family: BSD
  size: 3503410
  timestamp: 1699202577803
- conda: https://conda.anaconda.org/conda-forge/noarch/tzdata-2025a-h78e105d_0.conda
  sha256: c4b1ae8a2931fe9b274c44af29c5475a85b37693999f8c792dad0f8c6734b1de
  md5: dbcace4706afdfb7eb891f7b37d07c04
  license: LicenseRef-Public-Domain
  size: 122921
  timestamp: 1737119101255
- conda: https://conda.anaconda.org/conda-forge/win-64/ucrt-10.0.22621.0-h57928b3_1.conda
  sha256: db8dead3dd30fb1a032737554ce91e2819b43496a0db09927edf01c32b577450
  md5: 6797b005cd0f439c4c5c9ac565783700
  constrains:
  - vs2015_runtime >=14.29.30037
  arch: x86_64
  platform: win
  license: LicenseRef-MicrosoftWindowsSDK10
  size: 559710
  timestamp: 1728377334097
- conda: https://conda.anaconda.org/conda-forge/win-64/uriparser-0.9.8-h5a68840_0.conda
  sha256: ed0eed8ed0343d29cdbfaeb1bfd141f090af696547d69f91c18f46350299f00d
  md5: 28b4cf9065681f43cc567410edf8243d
  depends:
  - ucrt >=10.0.20348.0
  - vc >=14.2,<15
  - vc14_runtime >=14.29.30139
  arch: x86_64
  platform: win
  license: BSD-3-Clause
  license_family: BSD
  size: 49181
  timestamp: 1715010467661
- conda: https://conda.anaconda.org/conda-forge/win-64/vc-14.3-h5fd82a7_24.conda
  sha256: 7ce178cf139ccea5079f9c353b3d8415d1d49b0a2f774662c355d3f89163d7b4
  md5: 00cf3a61562bd53bd5ea99e6888793d0
  depends:
  - vc14_runtime >=14.40.33810
  arch: x86_64
  platform: win
  track_features:
  - vc14
  license: BSD-3-Clause
  license_family: BSD
  size: 17693
  timestamp: 1737627189024
- conda: https://conda.anaconda.org/conda-forge/win-64/vc14_runtime-14.42.34433-h6356254_24.conda
  sha256: abda97b8728cf6e3c37df8f1178adde7219bed38b96e392cb3be66336386d32e
  md5: 2441e010ee255e6a38bf16705a756e94
  depends:
  - ucrt >=10.0.20348.0
  constrains:
  - vs2015_runtime 14.42.34433.* *_24
  arch: x86_64
  platform: win
  license: LicenseRef-MicrosoftVisualCpp2015-2022Runtime
  license_family: Proprietary
  size: 753531
  timestamp: 1737627061911
- conda: https://conda.anaconda.org/conda-forge/win-64/vs2015_runtime-14.42.34433-hfef2bbc_24.conda
  sha256: 09102e0bd283af65772c052d85028410b0c31989b3cd96c260485d28e270836e
  md5: 117fcc5b86c48f3b322b0722258c7259
  depends:
  - vc14_runtime >=14.42.34433
  arch: x86_64
  platform: win
  license: BSD-3-Clause
  license_family: BSD
  size: 17669
  timestamp: 1737627066773
- conda: https://conda.anaconda.org/conda-forge/win-64/x265-3.5-h2d74725_3.tar.bz2
  sha256: 02b9874049112f2b7335c9a3e880ac05d99a08d9a98160c5a98898b2b3ac42b2
  md5: ca7129a334198f08347fb19ac98a2de9
  depends:
  - vc >=14.1,<15
  - vs2015_runtime >=14.16.27033
  arch: x86_64
  platform: win
  license: GPL-2.0-or-later
  license_family: GPL
  size: 5517425
  timestamp: 1646611941216
- conda: https://conda.anaconda.org/conda-forge/win-64/xerces-c-3.2.5-he0c23c2_2.conda
  sha256: 759ae22a0a221dc1c0ba39684b0dcf696aab4132478e17e56a0366ded519e54e
  md5: 82b6eac3c198271e98b48d52d79726d8
  depends:
  - ucrt >=10.0.20348.0
  - vc >=14.2,<15
  - vc14_runtime >=14.29.30139
  arch: x86_64
  platform: win
  license: Apache-2.0
  license_family: Apache
  size: 3574017
  timestamp: 1727734520239
- conda: https://conda.anaconda.org/conda-forge/win-64/zlib-1.3.1-h2466b09_2.conda
  sha256: 8c688797ba23b9ab50cef404eca4d004a948941b6ee533ead0ff3bf52012528c
  md5: be60c4e8efa55fddc17b4131aa47acbd
  depends:
  - libzlib 1.3.1 h2466b09_2
  - ucrt >=10.0.20348.0
  - vc >=14.2,<15
  - vc14_runtime >=14.29.30139
  arch: x86_64
  platform: win
  license: Zlib
  license_family: Other
  size: 107439
  timestamp: 1727963788936
- conda: https://conda.anaconda.org/conda-forge/win-64/zstd-1.5.6-h0ea2cb4_0.conda
  sha256: 768e30dc513568491818fb068ee867c57c514b553915536da09e5d10b4ebf3c3
  md5: 9a17230f95733c04dc40a2b1e5491d74
  depends:
  - libzlib >=1.2.13,<2.0.0a0
  - ucrt >=10.0.20348.0
  - vc >=14.2,<15
  - vc14_runtime >=14.29.30139
  arch: x86_64
  platform: win
  license: BSD-3-Clause
  license_family: BSD
  size: 349143
  timestamp: 1714723445995
